
Microsoft Visual Studio Solution File, Format Version 12.00
# Visual Studio Version 16
VisualStudioVersion = 16.0.32106.194
MinimumVisualStudioVersion = 10.0.40219.1
Project("{FAE04EC0-301F-11D3-BF4B-00C04F79EFBC}") = "Lesson-4_Task1", "Lesson-4_Task1\Lesson-4_Task1.csproj", "{F61F77BA-38C2-40B6-B3EB-6372F2A72BB4}"
EndProject
Global
	GlobalSection(SolutionConfigurationPlatforms) = preSolution
		Debug|Any CPU = Debug|Any CPU
		Release|Any CPU = Release|Any CPU
	EndGlobalSection
	GlobalSection(ProjectConfigurationPlatforms) = postSolution
		{F61F77BA-38C2-40B6-B3EB-6372F2A72BB4}.Debug|Any CPU.ActiveCfg = Debug|Any CPU
		{F61F77BA-38C2-40B6-B3EB-6372F2A72BB4}.Debug|Any CPU.Build.0 = Debug|Any CPU
		{F61F77BA-38C2-40B6-B3EB-6372F2A72BB4}.Release|Any CPU.ActiveCfg = Release|Any CPU
		{F61F77BA-38C2-40B6-B3EB-6372F2A72BB4}.Release|Any CPU.Build.0 = Release|Any CPU
	EndGlobalSection
	GlobalSection(SolutionProperties) = preSolution
		HideSolutionNode = FALSE
	EndGlobalSection
	GlobalSection(ExtensibilityGlobals) = postSolution
		SolutionGuid = {FFE8E325-D050-405F-AFA8-4D0FAA3C19E6}
	EndGlobalSection
EndGlobal
