
Microsoft Visual Studio Solution File, Format Version 12.00
# Visual Studio Version 16
VisualStudioVersion = 16.0.32106.194
MinimumVisualStudioVersion = 10.0.40219.1
Project("{9A19103F-16F7-4668-BE54-9A1E7A4F7556}") = "Lesson-5_Task1", "Lesson-5_Task1\Lesson-5_Task1.csproj", "{1D779AB5-E75D-497D-B9FD-0EA088315BCE}"
EndProject
Project("{FAE04EC0-301F-11D3-BF4B-00C04F79EFBC}") = "Lesson-5_Task2", "Lesson-5_Task2\Lesson-5_Task2.csproj", "{71E21EC6-49D6-446B-ACAE-F5AC905D27D5}"
EndProject
Global
	GlobalSection(SolutionConfigurationPlatforms) = preSolution
		Debug|Any CPU = Debug|Any CPU
		Release|Any CPU = Release|Any CPU
	EndGlobalSection
	GlobalSection(ProjectConfigurationPlatforms) = postSolution
		{1D779AB5-E75D-497D-B9FD-0EA088315BCE}.Debug|Any CPU.ActiveCfg = Debug|Any CPU
		{1D779AB5-E75D-497D-B9FD-0EA088315BCE}.Debug|Any CPU.Build.0 = Debug|Any CPU
		{1D779AB5-E75D-497D-B9FD-0EA088315BCE}.Release|Any CPU.ActiveCfg = Release|Any CPU
		{1D779AB5-E75D-497D-B9FD-0EA088315BCE}.Release|Any CPU.Build.0 = Release|Any CPU
		{71E21EC6-49D6-446B-ACAE-F5AC905D27D5}.Debug|Any CPU.ActiveCfg = Debug|Any CPU
		{71E21EC6-49D6-446B-ACAE-F5AC905D27D5}.Debug|Any CPU.Build.0 = Debug|Any CPU
		{71E21EC6-49D6-446B-ACAE-F5AC905D27D5}.Release|Any CPU.ActiveCfg = Release|Any CPU
		{71E21EC6-49D6-446B-ACAE-F5AC905D27D5}.Release|Any CPU.Build.0 = Release|Any CPU
	EndGlobalSection
	GlobalSection(SolutionProperties) = preSolution
		HideSolutionNode = FALSE
	EndGlobalSection
	GlobalSection(ExtensibilityGlobals) = postSolution
		SolutionGuid = {719D4B15-D654-4840-896E-DA151CD2E08F}
	EndGlobalSection
EndGlobal
